
Microsoft Visual Studio Solution File, Format Version 12.00
# Visual Studio 15
VisualStudioVersion = 15.0.26403.0
MinimumVisualStudioVersion = 10.0.40219.1
Project("{FAE04EC0-301F-11D3-BF4B-00C04F79EFBC}") = "OversizedPancakeFlipper", "OversizedPancakeFlipper\OversizedPancakeFlipper.csproj", "{0367F2A9-615E-47D0-AE49-5785820B94B1}"
EndProject
Project("{FAE04EC0-301F-11D3-BF4B-00C04F79EFBC}") = "TidyNumbers", "TidyNumbers\TidyNumbers.csproj", "{C74E2981-0959-4231-BBC0-3508A04FB41C}"
EndProject
Project("{FAE04EC0-301F-11D3-BF4B-00C04F79EFBC}") = "BathroomStalls", "BathroomStalls\BathroomStalls.csproj", "{C8D9827A-56F5-4C14-8CFE-41019847F387}"
EndProject
Project("{FAE04EC0-301F-11D3-BF4B-00C04F79EFBC}") = "FashionShow", "FashionShow\FashionShow.csproj", "{421EF256-402E-4965-91A4-70656B58987D}"
EndProject
Project("{2150E333-8FDC-42A3-9474-1A3956D46DE8}") = "Qualification", "Qualification", "{1D7B8448-613D-4DDE-B1BF-72BA61103099}"
EndProject
Project("{2150E333-8FDC-42A3-9474-1A3956D46DE8}") = "1A", "1A", "{895C6FE7-158F-4FAB-9C2B-1846208854F3}"
EndProject
Project("{2150E333-8FDC-42A3-9474-1A3956D46DE8}") = "1B", "1B", "{55DB8F72-3585-42F3-9350-2689C4B4CA66}"
EndProject
Project("{2150E333-8FDC-42A3-9474-1A3956D46DE8}") = "1C", "1C", "{51B66B2A-B726-4F5A-9E5B-DACBA3F599DA}"
EndProject
Project("{FAE04EC0-301F-11D3-BF4B-00C04F79EFBC}") = "AlphabetCake", "AlphabetCake\AlphabetCake.csproj", "{3ED240AB-F482-4AFC-AFFB-DA994E89D961}"
EndProject
Project("{FAE04EC0-301F-11D3-BF4B-00C04F79EFBC}") = "Ratatouille", "Ratatouille\Ratatouille.csproj", "{4C0CB5C8-1E21-4D27-9E96-E204A3E4E3C5}"
EndProject
Project("{FAE04EC0-301F-11D3-BF4B-00C04F79EFBC}") = "PlayTheDragon", "PlayTheDragon\PlayTheDragon.csproj", "{61D52B8A-98D3-45CD-94D5-3E2A57B1CB75}"
EndProject
Global
	GlobalSection(SolutionConfigurationPlatforms) = preSolution
		Debug|Any CPU = Debug|Any CPU
		Release|Any CPU = Release|Any CPU
	EndGlobalSection
	GlobalSection(ProjectConfigurationPlatforms) = postSolution
		{0367F2A9-615E-47D0-AE49-5785820B94B1}.Debug|Any CPU.ActiveCfg = Debug|Any CPU
		{0367F2A9-615E-47D0-AE49-5785820B94B1}.Debug|Any CPU.Build.0 = Debug|Any CPU
		{0367F2A9-615E-47D0-AE49-5785820B94B1}.Release|Any CPU.ActiveCfg = Release|Any CPU
		{0367F2A9-615E-47D0-AE49-5785820B94B1}.Release|Any CPU.Build.0 = Release|Any CPU
		{C74E2981-0959-4231-BBC0-3508A04FB41C}.Debug|Any CPU.ActiveCfg = Debug|Any CPU
		{C74E2981-0959-4231-BBC0-3508A04FB41C}.Debug|Any CPU.Build.0 = Debug|Any CPU
		{C74E2981-0959-4231-BBC0-3508A04FB41C}.Release|Any CPU.ActiveCfg = Release|Any CPU
		{C74E2981-0959-4231-BBC0-3508A04FB41C}.Release|Any CPU.Build.0 = Release|Any CPU
		{C8D9827A-56F5-4C14-8CFE-41019847F387}.Debug|Any CPU.ActiveCfg = Debug|Any CPU
		{C8D9827A-56F5-4C14-8CFE-41019847F387}.Debug|Any CPU.Build.0 = Debug|Any CPU
		{C8D9827A-56F5-4C14-8CFE-41019847F387}.Release|Any CPU.ActiveCfg = Release|Any CPU
		{C8D9827A-56F5-4C14-8CFE-41019847F387}.Release|Any CPU.Build.0 = Release|Any CPU
		{421EF256-402E-4965-91A4-70656B58987D}.Debug|Any CPU.ActiveCfg = Debug|Any CPU
		{421EF256-402E-4965-91A4-70656B58987D}.Debug|Any CPU.Build.0 = Debug|Any CPU
		{421EF256-402E-4965-91A4-70656B58987D}.Release|Any CPU.ActiveCfg = Release|Any CPU
		{421EF256-402E-4965-91A4-70656B58987D}.Release|Any CPU.Build.0 = Release|Any CPU
		{3ED240AB-F482-4AFC-AFFB-DA994E89D961}.Debug|Any CPU.ActiveCfg = Debug|Any CPU
		{3ED240AB-F482-4AFC-AFFB-DA994E89D961}.Debug|Any CPU.Build.0 = Debug|Any CPU
		{3ED240AB-F482-4AFC-AFFB-DA994E89D961}.Release|Any CPU.ActiveCfg = Release|Any CPU
		{3ED240AB-F482-4AFC-AFFB-DA994E89D961}.Release|Any CPU.Build.0 = Release|Any CPU
		{4C0CB5C8-1E21-4D27-9E96-E204A3E4E3C5}.Debug|Any CPU.ActiveCfg = Debug|Any CPU
		{4C0CB5C8-1E21-4D27-9E96-E204A3E4E3C5}.Debug|Any CPU.Build.0 = Debug|Any CPU
		{4C0CB5C8-1E21-4D27-9E96-E204A3E4E3C5}.Release|Any CPU.ActiveCfg = Release|Any CPU
		{4C0CB5C8-1E21-4D27-9E96-E204A3E4E3C5}.Release|Any CPU.Build.0 = Release|Any CPU
		{61D52B8A-98D3-45CD-94D5-3E2A57B1CB75}.Debug|Any CPU.ActiveCfg = Debug|Any CPU
		{61D52B8A-98D3-45CD-94D5-3E2A57B1CB75}.Debug|Any CPU.Build.0 = Debug|Any CPU
		{61D52B8A-98D3-45CD-94D5-3E2A57B1CB75}.Release|Any CPU.ActiveCfg = Release|Any CPU
		{61D52B8A-98D3-45CD-94D5-3E2A57B1CB75}.Release|Any CPU.Build.0 = Release|Any CPU
	EndGlobalSection
	GlobalSection(SolutionProperties) = preSolution
		HideSolutionNode = FALSE
	EndGlobalSection
	GlobalSection(NestedProjects) = preSolution
		{0367F2A9-615E-47D0-AE49-5785820B94B1} = {1D7B8448-613D-4DDE-B1BF-72BA61103099}
		{C74E2981-0959-4231-BBC0-3508A04FB41C} = {1D7B8448-613D-4DDE-B1BF-72BA61103099}
		{C8D9827A-56F5-4C14-8CFE-41019847F387} = {1D7B8448-613D-4DDE-B1BF-72BA61103099}
		{421EF256-402E-4965-91A4-70656B58987D} = {1D7B8448-613D-4DDE-B1BF-72BA61103099}
		{3ED240AB-F482-4AFC-AFFB-DA994E89D961} = {895C6FE7-158F-4FAB-9C2B-1846208854F3}
		{4C0CB5C8-1E21-4D27-9E96-E204A3E4E3C5} = {895C6FE7-158F-4FAB-9C2B-1846208854F3}
		{61D52B8A-98D3-45CD-94D5-3E2A57B1CB75} = {895C6FE7-158F-4FAB-9C2B-1846208854F3}
	EndGlobalSection
EndGlobal
